// !$*UTF8*$!
{
	archiveVersion = 1;
	classes = {
	};
	objectVersion = 51;
	objects = {

/* Begin PBXBuildFile section */
		0FBAE7ABB081324C256D05CB /* Pods_Parallax.framework in Frameworks */ = {isa = PBXBuildFile; fileRef = 23AADD571F676FC8B16CBC62 /* Pods_Parallax.framework */; };
		83133D6F236405F20005717E /* SettingViewController.swift in Sources */ = {isa = PBXBuildFile; fileRef = 83133D6E236405F20005717E /* SettingViewController.swift */; };
		83133D8323642E1E0005717E /* Extenstions.swift in Sources */ = {isa = PBXBuildFile; fileRef = 83133D8223642E1E0005717E /* Extenstions.swift */; };
		83135966237A8AAF008F5C3E /* GPUImage.framework in Frameworks */ = {isa = PBXBuildFile; fileRef = 83135954237A8366008F5C3E /* GPUImage.framework */; };
		83135967237A8AAF008F5C3E /* GPUImage.framework in Embed Frameworks */ = {isa = PBXBuildFile; fileRef = 83135954237A8366008F5C3E /* GPUImage.framework */; settings = {ATTRIBUTES = (CodeSignOnCopy, RemoveHeadersOnCopy, ); }; };
		8335B40E238A2B1D00E23887 /* west-world.jpg in Resources */ = {isa = PBXBuildFile; fileRef = 8335B404238A2B1C00E23887 /* west-world.jpg */; };
		8335B410238A2B7A00E23887 /* shape-of-water.jpg in Resources */ = {isa = PBXBuildFile; fileRef = 8335B40F238A2B7A00E23887 /* shape-of-water.jpg */; };
		8335B412238A421800E23887 /* StoreKit.framework in Frameworks */ = {isa = PBXBuildFile; fileRef = 8335B411238A421800E23887 /* StoreKit.framework */; };
		8335B414238A4BBB00E23887 /* IAPHelper.swift in Sources */ = {isa = PBXBuildFile; fileRef = 8335B413238A4BBB00E23887 /* IAPHelper.swift */; };
		83366DDE2361FA57005A3175 /* FilmRollViewController.swift in Sources */ = {isa = PBXBuildFile; fileRef = 83366DDD2361FA57005A3175 /* FilmRollViewController.swift */; };
		8344466923745B3200FD4ED5 /* blade-runner-2049-filter.png in Resources */ = {isa = PBXBuildFile; fileRef = 8344466323745B3100FD4ED5 /* blade-runner-2049-filter.png */; };
		8344466A23745B3200FD4ED5 /* joker-filter.png in Resources */ = {isa = PBXBuildFile; fileRef = 8344466423745B3100FD4ED5 /* joker-filter.png */; };
		8344466B23745B3200FD4ED5 /* shadow-filter.png in Resources */ = {isa = PBXBuildFile; fileRef = 8344466523745B3100FD4ED5 /* shadow-filter.png */; };
		8344466C23745B3200FD4ED5 /* happy-together-filter.png in Resources */ = {isa = PBXBuildFile; fileRef = 8344466623745B3200FD4ED5 /* happy-together-filter.png */; };
		8344466D23745B3200FD4ED5 /* schindlers-list-filter.png in Resources */ = {isa = PBXBuildFile; fileRef = 8344466723745B3200FD4ED5 /* schindlers-list-filter.png */; };
		8344466E23745B3200FD4ED5 /* matrix-filter.png in Resources */ = {isa = PBXBuildFile; fileRef = 8344466823745B3200FD4ED5 /* matrix-filter.png */; };
		8351C1AD2360833B006A8AB3 /* ImageUtil.swift in Sources */ = {isa = PBXBuildFile; fileRef = 8351C1AC2360833B006A8AB3 /* ImageUtil.swift */; };
		8351C1B223608352006A8AB3 /* FileUtil.swift in Sources */ = {isa = PBXBuildFile; fileRef = 8351C1B123608352006A8AB3 /* FileUtil.swift */; };
		8351C1B423608371006A8AB3 /* SizeUtil.swift in Sources */ = {isa = PBXBuildFile; fileRef = 8351C1B323608371006A8AB3 /* SizeUtil.swift */; };
		8351C1BB23608807006A8AB3 /* GalleryViewController.swift in Sources */ = {isa = PBXBuildFile; fileRef = 8351C1BA23608807006A8AB3 /* GalleryViewController.swift */; };
		8351C1D72360A6A1006A8AB3 /* lookup_miss_etikate.png in Resources */ = {isa = PBXBuildFile; fileRef = 8351C1C42360A6A0006A8AB3 /* lookup_miss_etikate.png */; };
		8351C1D82360A6A1006A8AB3 /* lookup_soft_elegance_2.png in Resources */ = {isa = PBXBuildFile; fileRef = 8351C1C52360A6A0006A8AB3 /* lookup_soft_elegance_2.png */; };
		8351C1DA2360A6A1006A8AB3 /* Chaplin.fsh in Resources */ = {isa = PBXBuildFile; fileRef = 8351C1C72360A6A0006A8AB3 /* Chaplin.fsh */; };
		8351C1DB2360A6A1006A8AB3 /* filters.json in Resources */ = {isa = PBXBuildFile; fileRef = 8351C1C82360A6A0006A8AB3 /* filters.json */; };
		8351C1DC2360A6A1006A8AB3 /* matrix.fsh in Resources */ = {isa = PBXBuildFile; fileRef = 8351C1C92360A6A0006A8AB3 /* matrix.fsh */; };
		8351C1DD2360A6A1006A8AB3 /* lookup_soft_elegance_1.png in Resources */ = {isa = PBXBuildFile; fileRef = 8351C1CA2360A6A1006A8AB3 /* lookup_soft_elegance_1.png */; };
		8351C1DE2360A6A1006A8AB3 /* happy-together.jpg in Resources */ = {isa = PBXBuildFile; fileRef = 8351C1CB2360A6A1006A8AB3 /* happy-together.jpg */; };
		8351C1DF2360A6A1006A8AB3 /* matrix.jpg in Resources */ = {isa = PBXBuildFile; fileRef = 8351C1CC2360A6A1006A8AB3 /* matrix.jpg */; };
		8351C1E02360A6A1006A8AB3 /* blade-runner-2049.jpg in Resources */ = {isa = PBXBuildFile; fileRef = 8351C1CD2360A6A1006A8AB3 /* blade-runner-2049.jpg */; };
		8351C1E12360A6A1006A8AB3 /* schindlers-list.fsh in Resources */ = {isa = PBXBuildFile; fileRef = 8351C1CE2360A6A1006A8AB3 /* schindlers-list.fsh */; };
		8351C1E22360A6A1006A8AB3 /* schindlers-list.jpg in Resources */ = {isa = PBXBuildFile; fileRef = 8351C1CF2360A6A1006A8AB3 /* schindlers-list.jpg */; };
		8351C1E42360A6A1006A8AB3 /* lookup.png in Resources */ = {isa = PBXBuildFile; fileRef = 8351C1D12360A6A1006A8AB3 /* lookup.png */; };
		8351C1E52360A6A1006A8AB3 /* lookup_amatorka.png in Resources */ = {isa = PBXBuildFile; fileRef = 8351C1D22360A6A1006A8AB3 /* lookup_amatorka.png */; };
		8351C1E62360A6A1006A8AB3 /* shadow.jpg in Resources */ = {isa = PBXBuildFile; fileRef = 8351C1D32360A6A1006A8AB3 /* shadow.jpg */; };
		8351C1E82360A6A1006A8AB3 /* joker.jpg in Resources */ = {isa = PBXBuildFile; fileRef = 8351C1D52360A6A1006A8AB3 /* joker.jpg */; };
		8351C1E92360A6A1006A8AB3 /* joker.fsh in Resources */ = {isa = PBXBuildFile; fileRef = 8351C1D62360A6A1006A8AB3 /* joker.fsh */; };
		8351C1EB2360A6C6006A8AB3 /* Filters.swift in Sources */ = {isa = PBXBuildFile; fileRef = 8351C1EA2360A6C6006A8AB3 /* Filters.swift */; };
		835DB81D23704B610070AB72 /* camera-motion.json in Resources */ = {isa = PBXBuildFile; fileRef = 835DB81223704B610070AB72 /* camera-motion.json */; };
		835DB8222370675E0070AB72 /* loading.json in Resources */ = {isa = PBXBuildFile; fileRef = 835DB8212370675D0070AB72 /* loading.json */; };
		8363F1C9236713040062106A /* shoot.mp3 in Resources */ = {isa = PBXBuildFile; fileRef = 8363F1C8236713040062106A /* shoot.mp3 */; };
		836F399B2372F1F400C6E8AB /* Localizable.strings in Resources */ = {isa = PBXBuildFile; fileRef = 836F399D2372F1F400C6E8AB /* Localizable.strings */; };
		836F39A0237308F600C6E8AB /* glass-break.fsh in Resources */ = {isa = PBXBuildFile; fileRef = 836F399F237308F500C6E8AB /* glass-break.fsh */; };
		838DA90E2365D64600C9BC8F /* FilmRollCell.swift in Sources */ = {isa = PBXBuildFile; fileRef = 838DA90D2365D64600C9BC8F /* FilmRollCell.swift */; };
		83AFC6FA236441EB00371D9E /* CustomModelViewController.swift in Sources */ = {isa = PBXBuildFile; fileRef = 83AFC6F9236441EB00371D9E /* CustomModelViewController.swift */; };
		83AFC7052364495900371D9E /* PhotoCell.swift in Sources */ = {isa = PBXBuildFile; fileRef = 83AFC7042364495900371D9E /* PhotoCell.swift */; };
		83B843472371BF1800706FFB /* DeviceOrientationHelper.swift in Sources */ = {isa = PBXBuildFile; fileRef = 83B843462371BF1800706FFB /* DeviceOrientationHelper.swift */; };
		83BEADBB238575A600C4035A /* west-world-filter.png in Resources */ = {isa = PBXBuildFile; fileRef = 83BEADB9238575A600C4035A /* west-world-filter.png */; };
		83BEADC223857CB900C4035A /* shape-of-water-filter.png in Resources */ = {isa = PBXBuildFile; fileRef = 83BEADC023857CB900C4035A /* shape-of-water-filter.png */; };
		83E2150F23656898005E8385 /* CustomOverlayView.swift in Sources */ = {isa = PBXBuildFile; fileRef = 83E2150E23656898005E8385 /* CustomOverlayView.swift */; };
		83E21511236568C6005E8385 /* CustomOverlayView.xib in Resources */ = {isa = PBXBuildFile; fileRef = 83E21510236568C6005E8385 /* CustomOverlayView.xib */; };
		83E215152365738F005E8385 /* PhotoModel.swift in Sources */ = {isa = PBXBuildFile; fileRef = 83E215142365738F005E8385 /* PhotoModel.swift */; };
		83E2151D2365AF06005E8385 /* launching.gif in Resources */ = {isa = PBXBuildFile; fileRef = 83E2151C2365AF06005E8385 /* launching.gif */; };
		83E2151F2365AFA6005E8385 /* LaunchViewController.swift in Sources */ = {isa = PBXBuildFile; fileRef = 83E2151E2365AFA6005E8385 /* LaunchViewController.swift */; };
		83E897E5235F356E00435C8A /* AppDelegate.swift in Sources */ = {isa = PBXBuildFile; fileRef = 83E897E4235F356E00435C8A /* AppDelegate.swift */; };
		83E897E7235F356E00435C8A /* SceneDelegate.swift in Sources */ = {isa = PBXBuildFile; fileRef = 83E897E6235F356E00435C8A /* SceneDelegate.swift */; };
		83E897E9235F356E00435C8A /* ViewController.swift in Sources */ = {isa = PBXBuildFile; fileRef = 83E897E8235F356E00435C8A /* ViewController.swift */; };
		83E897EC235F356E00435C8A /* Main.storyboard in Resources */ = {isa = PBXBuildFile; fileRef = 83E897EA235F356E00435C8A /* Main.storyboard */; };
		83E897EE235F356F00435C8A /* Assets.xcassets in Resources */ = {isa = PBXBuildFile; fileRef = 83E897ED235F356F00435C8A /* Assets.xcassets */; };
		83E897F1235F356F00435C8A /* LaunchScreen.storyboard in Resources */ = {isa = PBXBuildFile; fileRef = 83E897EF235F356F00435C8A /* LaunchScreen.storyboard */; };
/* End PBXBuildFile section */

/* Begin PBXContainerItemProxy section */
		83135953237A8366008F5C3E /* PBXContainerItemProxy */ = {
			isa = PBXContainerItemProxy;
			containerPortal = 8313594E237A8365008F5C3E /* GPUImage.xcodeproj */;
			proxyType = 2;
			remoteGlobalIDString = BCE0BE7C20D6DE610006E120;
			remoteInfo = GPUImage_iOS;
		};
		83135955237A8366008F5C3E /* PBXContainerItemProxy */ = {
			isa = PBXContainerItemProxy;
			containerPortal = 8313594E237A8365008F5C3E /* GPUImage.xcodeproj */;
			proxyType = 2;
			remoteGlobalIDString = BCE0BE8C20D6E2B80006E120;
			remoteInfo = GPUImage_macOS;
		};
		834239C423688F07009612BA /* PBXContainerItemProxy */ = {
			isa = PBXContainerItemProxy;
			containerPortal = 834239B823688F07009612BA /* Pods.xcodeproj */;
			proxyType = 2;
			remoteGlobalIDString = 8F8BEC2F52650BAE9B276661E9E652AE;
			remoteInfo = INSNibLoading;
		};
		834239C623688F07009612BA /* PBXContainerItemProxy */ = {
			isa = PBXContainerItemProxy;
			containerPortal = 834239B823688F07009612BA /* Pods.xcodeproj */;
			proxyType = 2;
			remoteGlobalIDString = C332967D484B2EE6DD22A3B3E4FE3345;
			remoteInfo = INSPhotoGallery;
		};
		834239C823688F07009612BA /* PBXContainerItemProxy */ = {
			isa = PBXContainerItemProxy;
			containerPortal = 834239B823688F07009612BA /* Pods.xcodeproj */;
			proxyType = 2;
			remoteGlobalIDString = 76ECEA879395B4B4B0CD445E2E3606C3;
			remoteInfo = "INSPhotoGallery-INSPhotoGallery";
		};
		834239CA23688F07009612BA /* PBXContainerItemProxy */ = {
			isa = PBXContainerItemProxy;
			containerPortal = 834239B823688F07009612BA /* Pods.xcodeproj */;
			proxyType = 2;
			remoteGlobalIDString = D1C6F1275E5A54781203643366117595;
			remoteInfo = Persei;
		};
		834239CC23688F07009612BA /* PBXContainerItemProxy */ = {
			isa = PBXContainerItemProxy;
			containerPortal = 834239B823688F07009612BA /* Pods.xcodeproj */;
			proxyType = 2;
			remoteGlobalIDString = EBC3CED93C8464072128AC93473846B8;
			remoteInfo = "Pods-Parallax";
		};
		834239CE23688F07009612BA /* PBXContainerItemProxy */ = {
			isa = PBXContainerItemProxy;
			containerPortal = 834239B823688F07009612BA /* Pods.xcodeproj */;
			proxyType = 2;
			remoteGlobalIDString = BE629661A28417489F63DBC74196BBD6;
			remoteInfo = SPAlert;
		};
		835DB81B23704B610070AB72 /* PBXContainerItemProxy */ = {
			isa = PBXContainerItemProxy;
			containerPortal = 834239B823688F07009612BA /* Pods.xcodeproj */;
			proxyType = 2;
			remoteGlobalIDString = 51BA97E8B5085EFFB47BC9C0B785CEA7;
			remoteInfo = "lottie-ios";
		};
/* End PBXContainerItemProxy section */

/* Begin PBXCopyFilesBuildPhase section */
		8313593E237A6E28008F5C3E /* Embed Frameworks */ = {
			isa = PBXCopyFilesBuildPhase;
			buildActionMask = 2147483647;
			dstPath = "";
			dstSubfolderSpec = 10;
			files = (
				83135967237A8AAF008F5C3E /* GPUImage.framework in Embed Frameworks */,
			);
			name = "Embed Frameworks";
			runOnlyForDeploymentPostprocessing = 0;
		};
/* End PBXCopyFilesBuildPhase section */

/* Begin PBXFileReference section */
		2377C4DD9FA901846BA863ED /* Pods-Parallax.release.xcconfig */ = {isa = PBXFileReference; includeInIndex = 1; lastKnownFileType = text.xcconfig; name = "Pods-Parallax.release.xcconfig"; path = "Target Support Files/Pods-Parallax/Pods-Parallax.release.xcconfig"; sourceTree = "<group>"; };
		23AADD571F676FC8B16CBC62 /* Pods_Parallax.framework */ = {isa = PBXFileReference; explicitFileType = wrapper.framework; includeInIndex = 0; path = Pods_Parallax.framework; sourceTree = BUILT_PRODUCTS_DIR; };
		83133D6E236405F20005717E /* SettingViewController.swift */ = {isa = PBXFileReference; lastKnownFileType = sourcecode.swift; path = SettingViewController.swift; sourceTree = "<group>"; };
		83133D8223642E1E0005717E /* Extenstions.swift */ = {isa = PBXFileReference; lastKnownFileType = sourcecode.swift; path = Extenstions.swift; sourceTree = "<group>"; };
		8313594E237A8365008F5C3E /* GPUImage.xcodeproj */ = {isa = PBXFileReference; lastKnownFileType = "wrapper.pb-project"; name = GPUImage.xcodeproj; path = frameworks/GPUImage.xcodeproj; sourceTree = "<group>"; };
		8335B404238A2B1C00E23887 /* west-world.jpg */ = {isa = PBXFileReference; lastKnownFileType = image.jpeg; path = "west-world.jpg"; sourceTree = "<group>"; };
		8335B40F238A2B7A00E23887 /* shape-of-water.jpg */ = {isa = PBXFileReference; lastKnownFileType = image.jpeg; path = "shape-of-water.jpg"; sourceTree = "<group>"; };
		8335B411238A421800E23887 /* StoreKit.framework */ = {isa = PBXFileReference; lastKnownFileType = wrapper.framework; name = StoreKit.framework; path = System/Library/Frameworks/StoreKit.framework; sourceTree = SDKROOT; };
		8335B413238A4BBB00E23887 /* IAPHelper.swift */ = {isa = PBXFileReference; lastKnownFileType = sourcecode.swift; path = IAPHelper.swift; sourceTree = "<group>"; };
		83366DDD2361FA57005A3175 /* FilmRollViewController.swift */ = {isa = PBXFileReference; lastKnownFileType = sourcecode.swift; path = FilmRollViewController.swift; sourceTree = "<group>"; };
		834239B723688EF7009612BA /* framework */ = {isa = PBXFileReference; lastKnownFileType = folder; name = framework; path = Pods/EVGPUImage2/framework; sourceTree = "<group>"; };
		834239B823688F07009612BA /* Pods.xcodeproj */ = {isa = PBXFileReference; lastKnownFileType = "wrapper.pb-project"; name = Pods.xcodeproj; path = Pods/Pods.xcodeproj; sourceTree = "<group>"; };
		8344466323745B3100FD4ED5 /* blade-runner-2049-filter.png */ = {isa = PBXFileReference; lastKnownFileType = image.png; path = "blade-runner-2049-filter.png"; sourceTree = "<group>"; };
		8344466423745B3100FD4ED5 /* joker-filter.png */ = {isa = PBXFileReference; lastKnownFileType = image.png; path = "joker-filter.png"; sourceTree = "<group>"; };
		8344466523745B3100FD4ED5 /* shadow-filter.png */ = {isa = PBXFileReference; lastKnownFileType = image.png; path = "shadow-filter.png"; sourceTree = "<group>"; };
		8344466623745B3200FD4ED5 /* happy-together-filter.png */ = {isa = PBXFileReference; lastKnownFileType = image.png; path = "happy-together-filter.png"; sourceTree = "<group>"; };
		8344466723745B3200FD4ED5 /* schindlers-list-filter.png */ = {isa = PBXFileReference; lastKnownFileType = image.png; path = "schindlers-list-filter.png"; sourceTree = "<group>"; };
		8344466823745B3200FD4ED5 /* matrix-filter.png */ = {isa = PBXFileReference; lastKnownFileType = image.png; path = "matrix-filter.png"; sourceTree = "<group>"; };
		8351C1AC2360833B006A8AB3 /* ImageUtil.swift */ = {isa = PBXFileReference; lastKnownFileType = sourcecode.swift; path = ImageUtil.swift; sourceTree = "<group>"; };
		8351C1B123608352006A8AB3 /* FileUtil.swift */ = {isa = PBXFileReference; lastKnownFileType = sourcecode.swift; path = FileUtil.swift; sourceTree = "<group>"; };
		8351C1B323608371006A8AB3 /* SizeUtil.swift */ = {isa = PBXFileReference; lastKnownFileType = sourcecode.swift; path = SizeUtil.swift; sourceTree = "<group>"; };
		8351C1BA23608807006A8AB3 /* GalleryViewController.swift */ = {isa = PBXFileReference; lastKnownFileType = sourcecode.swift; path = GalleryViewController.swift; sourceTree = "<group>"; };
		8351C1C42360A6A0006A8AB3 /* lookup_miss_etikate.png */ = {isa = PBXFileReference; lastKnownFileType = image.png; path = lookup_miss_etikate.png; sourceTree = "<group>"; };
		8351C1C52360A6A0006A8AB3 /* lookup_soft_elegance_2.png */ = {isa = PBXFileReference; lastKnownFileType = image.png; path = lookup_soft_elegance_2.png; sourceTree = "<group>"; };
		8351C1C72360A6A0006A8AB3 /* Chaplin.fsh */ = {isa = PBXFileReference; fileEncoding = 4; lastKnownFileType = sourcecode.glsl; path = Chaplin.fsh; sourceTree = "<group>"; };
		8351C1C82360A6A0006A8AB3 /* filters.json */ = {isa = PBXFileReference; fileEncoding = 4; lastKnownFileType = text.json; path = filters.json; sourceTree = "<group>"; };
		8351C1C92360A6A0006A8AB3 /* matrix.fsh */ = {isa = PBXFileReference; fileEncoding = 4; lastKnownFileType = sourcecode.glsl; path = matrix.fsh; sourceTree = "<group>"; };
		8351C1CA2360A6A1006A8AB3 /* lookup_soft_elegance_1.png */ = {isa = PBXFileReference; lastKnownFileType = image.png; path = lookup_soft_elegance_1.png; sourceTree = "<group>"; };
		8351C1CB2360A6A1006A8AB3 /* happy-together.jpg */ = {isa = PBXFileReference; lastKnownFileType = image.jpeg; path = "happy-together.jpg"; sourceTree = "<group>"; };
		8351C1CC2360A6A1006A8AB3 /* matrix.jpg */ = {isa = PBXFileReference; lastKnownFileType = image.jpeg; path = matrix.jpg; sourceTree = "<group>"; };
		8351C1CD2360A6A1006A8AB3 /* blade-runner-2049.jpg */ = {isa = PBXFileReference; lastKnownFileType = image.jpeg; path = "blade-runner-2049.jpg"; sourceTree = "<group>"; };
		8351C1CE2360A6A1006A8AB3 /* schindlers-list.fsh */ = {isa = PBXFileReference; fileEncoding = 4; lastKnownFileType = sourcecode.glsl; path = "schindlers-list.fsh"; sourceTree = "<group>"; };
		8351C1CF2360A6A1006A8AB3 /* schindlers-list.jpg */ = {isa = PBXFileReference; lastKnownFileType = image.jpeg; path = "schindlers-list.jpg"; sourceTree = "<group>"; };
		8351C1D12360A6A1006A8AB3 /* lookup.png */ = {isa = PBXFileReference; lastKnownFileType = image.png; path = lookup.png; sourceTree = "<group>"; };
		8351C1D22360A6A1006A8AB3 /* lookup_amatorka.png */ = {isa = PBXFileReference; lastKnownFileType = image.png; path = lookup_amatorka.png; sourceTree = "<group>"; };
		8351C1D32360A6A1006A8AB3 /* shadow.jpg */ = {isa = PBXFileReference; lastKnownFileType = image.jpeg; path = shadow.jpg; sourceTree = "<group>"; };
		8351C1D52360A6A1006A8AB3 /* joker.jpg */ = {isa = PBXFileReference; lastKnownFileType = image.jpeg; path = joker.jpg; sourceTree = "<group>"; };
		8351C1D62360A6A1006A8AB3 /* joker.fsh */ = {isa = PBXFileReference; fileEncoding = 4; lastKnownFileType = sourcecode.glsl; path = joker.fsh; sourceTree = "<group>"; };
		8351C1EA2360A6C6006A8AB3 /* Filters.swift */ = {isa = PBXFileReference; lastKnownFileType = sourcecode.swift; path = Filters.swift; sourceTree = "<group>"; };
		835DB81223704B610070AB72 /* camera-motion.json */ = {isa = PBXFileReference; fileEncoding = 4; lastKnownFileType = text.json; path = "camera-motion.json"; sourceTree = "<group>"; };
		835DB8212370675D0070AB72 /* loading.json */ = {isa = PBXFileReference; fileEncoding = 4; lastKnownFileType = text.json; path = loading.json; sourceTree = "<group>"; };
		8363F1C8236713040062106A /* shoot.mp3 */ = {isa = PBXFileReference; lastKnownFileType = audio.mp3; path = shoot.mp3; sourceTree = "<group>"; };
		836F39902372F12500C6E8AB /* zh-Hans */ = {isa = PBXFileReference; lastKnownFileType = text.plist.strings; name = "zh-Hans"; path = "zh-Hans.lproj/Main.strings"; sourceTree = "<group>"; };
		836F399C2372F1F400C6E8AB /* zh-Hans */ = {isa = PBXFileReference; lastKnownFileType = text.plist.strings; name = "zh-Hans"; path = "zh-Hans.lproj/Localizable.strings"; sourceTree = "<group>"; };
		836F399E2372F1FD00C6E8AB /* en */ = {isa = PBXFileReference; lastKnownFileType = text.plist.strings; name = en; path = en.lproj/Localizable.strings; sourceTree = "<group>"; };
		836F399F237308F500C6E8AB /* glass-break.fsh */ = {isa = PBXFileReference; fileEncoding = 4; lastKnownFileType = sourcecode.glsl; path = "glass-break.fsh"; sourceTree = "<group>"; };
		838DA90D2365D64600C9BC8F /* FilmRollCell.swift */ = {isa = PBXFileReference; lastKnownFileType = sourcecode.swift; path = FilmRollCell.swift; sourceTree = "<group>"; };
		83AFC6F9236441EB00371D9E /* CustomModelViewController.swift */ = {isa = PBXFileReference; lastKnownFileType = sourcecode.swift; path = CustomModelViewController.swift; sourceTree = "<group>"; };
		83AFC7042364495900371D9E /* PhotoCell.swift */ = {isa = PBXFileReference; lastKnownFileType = sourcecode.swift; path = PhotoCell.swift; sourceTree = "<group>"; };
		83B843462371BF1800706FFB /* DeviceOrientationHelper.swift */ = {isa = PBXFileReference; lastKnownFileType = sourcecode.swift; path = DeviceOrientationHelper.swift; sourceTree = "<group>"; };
		83BEADB9238575A600C4035A /* west-world-filter.png */ = {isa = PBXFileReference; lastKnownFileType = image.png; path = "west-world-filter.png"; sourceTree = "<group>"; };
		83BEADC023857CB900C4035A /* shape-of-water-filter.png */ = {isa = PBXFileReference; lastKnownFileType = image.png; path = "shape-of-water-filter.png"; sourceTree = "<group>"; };
		83D4E5AF2361D56B007B73C4 /* Persei.framework */ = {isa = PBXFileReference; lastKnownFileType = wrapper.framework; name = Persei.framework; path = Carthage/Build/iOS/Persei.framework; sourceTree = "<group>"; };
		83D4E5B32361D586007B73C4 /* Persei.framework.dSYM */ = {isa = PBXFileReference; lastKnownFileType = wrapper.dsym; name = Persei.framework.dSYM; path = Carthage/Build/iOS/Persei.framework.dSYM; sourceTree = "<group>"; };
		83D4E5B72361D782007B73C4 /* GPUImage2 */ = {isa = PBXFileReference; lastKnownFileType = text; name = GPUImage2; path = "/Users/de/Library/Developer/Xcode/DerivedData/Parallax-cggpgovfzygpfcdsoytdqbifaqqh/SourcePackages/checkouts/GPUImage2"; sourceTree = "<absolute>"; };
		83E2150E23656898005E8385 /* CustomOverlayView.swift */ = {isa = PBXFileReference; lastKnownFileType = sourcecode.swift; path = CustomOverlayView.swift; sourceTree = "<group>"; };
		83E21510236568C6005E8385 /* CustomOverlayView.xib */ = {isa = PBXFileReference; fileEncoding = 4; lastKnownFileType = file.xib; path = CustomOverlayView.xib; sourceTree = "<group>"; };
		83E215142365738F005E8385 /* PhotoModel.swift */ = {isa = PBXFileReference; lastKnownFileType = sourcecode.swift; path = PhotoModel.swift; sourceTree = "<group>"; };
		83E2151C2365AF06005E8385 /* launching.gif */ = {isa = PBXFileReference; lastKnownFileType = image.gif; path = launching.gif; sourceTree = "<group>"; };
		83E2151E2365AFA6005E8385 /* LaunchViewController.swift */ = {isa = PBXFileReference; lastKnownFileType = sourcecode.swift; path = LaunchViewController.swift; sourceTree = "<group>"; };
		83E897E1235F356E00435C8A /* Parallax.app */ = {isa = PBXFileReference; explicitFileType = wrapper.application; includeInIndex = 0; path = Parallax.app; sourceTree = BUILT_PRODUCTS_DIR; };
		83E897E4235F356E00435C8A /* AppDelegate.swift */ = {isa = PBXFileReference; lastKnownFileType = sourcecode.swift; path = AppDelegate.swift; sourceTree = "<group>"; };
		83E897E6235F356E00435C8A /* SceneDelegate.swift */ = {isa = PBXFileReference; lastKnownFileType = sourcecode.swift; path = SceneDelegate.swift; sourceTree = "<group>"; };
		83E897E8235F356E00435C8A /* ViewController.swift */ = {isa = PBXFileReference; lastKnownFileType = sourcecode.swift; path = ViewController.swift; sourceTree = "<group>"; };
		83E897EB235F356E00435C8A /* Base */ = {isa = PBXFileReference; lastKnownFileType = file.storyboard; name = Base; path = Base.lproj/Main.storyboard; sourceTree = "<group>"; };
		83E897ED235F356F00435C8A /* Assets.xcassets */ = {isa = PBXFileReference; lastKnownFileType = folder.assetcatalog; path = Assets.xcassets; sourceTree = "<group>"; };
		83E897F0235F356F00435C8A /* Base */ = {isa = PBXFileReference; lastKnownFileType = file.storyboard; name = Base; path = Base.lproj/LaunchScreen.storyboard; sourceTree = "<group>"; };
		83E897F2235F356F00435C8A /* Info.plist */ = {isa = PBXFileReference; lastKnownFileType = text.plist.xml; path = Info.plist; sourceTree = "<group>"; };
		CAAB7C879476D49C3D7174E5 /* Pods-Parallax.debug.xcconfig */ = {isa = PBXFileReference; includeInIndex = 1; lastKnownFileType = text.xcconfig; name = "Pods-Parallax.debug.xcconfig"; path = "Target Support Files/Pods-Parallax/Pods-Parallax.debug.xcconfig"; sourceTree = "<group>"; };
/* End PBXFileReference section */

/* Begin PBXFrameworksBuildPhase section */
		83E897DE235F356E00435C8A /* Frameworks */ = {
			isa = PBXFrameworksBuildPhase;
			buildActionMask = 2147483647;
			files = (
				8335B412238A421800E23887 /* StoreKit.framework in Frameworks */,
				0FBAE7ABB081324C256D05CB /* Pods_Parallax.framework in Frameworks */,
				83135966237A8AAF008F5C3E /* GPUImage.framework in Frameworks */,
			);
			runOnlyForDeploymentPostprocessing = 0;
		};
/* End PBXFrameworksBuildPhase section */

/* Begin PBXGroup section */
		3AE3A647F1605F22C2B6A32D /* Frameworks */ = {
			isa = PBXGroup;
			children = (
				8335B411238A421800E23887 /* StoreKit.framework */,
				834239B723688EF7009612BA /* framework */,
				83D4E5B72361D782007B73C4 /* GPUImage2 */,
				83D4E5B32361D586007B73C4 /* Persei.framework.dSYM */,
				83D4E5AF2361D56B007B73C4 /* Persei.framework */,
				23AADD571F676FC8B16CBC62 /* Pods_Parallax.framework */,
			);
			name = Frameworks;
			sourceTree = "<group>";
		};
		8213E252C93E96117A642910 /* Pods */ = {
			isa = PBXGroup;
			children = (
				CAAB7C879476D49C3D7174E5 /* Pods-Parallax.debug.xcconfig */,
				2377C4DD9FA901846BA863ED /* Pods-Parallax.release.xcconfig */,
			);
			path = Pods;
			sourceTree = "<group>";
		};
		8313594F237A8365008F5C3E /* Products */ = {
			isa = PBXGroup;
			children = (
				83135954237A8366008F5C3E /* GPUImage.framework */,
				83135956237A8366008F5C3E /* GPUImage.framework */,
			);
			name = Products;
			sourceTree = "<group>";
		};
		834239B923688F07009612BA /* Products */ = {
			isa = PBXGroup;
			children = (
				834239C523688F07009612BA /* INSNibLoading.framework */,
				834239C723688F07009612BA /* INSPhotoGallery.framework */,
				834239C923688F07009612BA /* INSPhotoGallery.bundle */,
				835DB81C23704B610070AB72 /* Lottie.framework */,
				834239CB23688F07009612BA /* Persei.framework */,
				834239CD23688F07009612BA /* Pods_Parallax.framework */,
				834239CF23688F07009612BA /* SPAlert.framework */,
			);
			name = Products;
			sourceTree = "<group>";
		};
		8351C1B723608678006A8AB3 /* Resources */ = {
			isa = PBXGroup;
			children = (
				83BEADC023857CB900C4035A /* shape-of-water-filter.png */,
				8335B40F238A2B7A00E23887 /* shape-of-water.jpg */,
				83BEADB9238575A600C4035A /* west-world-filter.png */,
				8335B404238A2B1C00E23887 /* west-world.jpg */,
				8344466323745B3100FD4ED5 /* blade-runner-2049-filter.png */,
				8344466623745B3200FD4ED5 /* happy-together-filter.png */,
				8344466423745B3100FD4ED5 /* joker-filter.png */,
				8344466823745B3200FD4ED5 /* matrix-filter.png */,
				8344466723745B3200FD4ED5 /* schindlers-list-filter.png */,
				8344466523745B3100FD4ED5 /* shadow-filter.png */,
				836F399F237308F500C6E8AB /* glass-break.fsh */,
				835DB8212370675D0070AB72 /* loading.json */,
				835DB81223704B610070AB72 /* camera-motion.json */,
				8363F1C8236713040062106A /* shoot.mp3 */,
				83E2151C2365AF06005E8385 /* launching.gif */,
				8351C1CD2360A6A1006A8AB3 /* blade-runner-2049.jpg */,
				8351C1C72360A6A0006A8AB3 /* Chaplin.fsh */,
				8351C1C82360A6A0006A8AB3 /* filters.json */,
				8351C1CB2360A6A1006A8AB3 /* happy-together.jpg */,
				8351C1D62360A6A1006A8AB3 /* joker.fsh */,
				8351C1D52360A6A1006A8AB3 /* joker.jpg */,
				8351C1D22360A6A1006A8AB3 /* lookup_amatorka.png */,
				8351C1C42360A6A0006A8AB3 /* lookup_miss_etikate.png */,
				8351C1CA2360A6A1006A8AB3 /* lookup_soft_elegance_1.png */,
				8351C1C52360A6A0006A8AB3 /* lookup_soft_elegance_2.png */,
				8351C1D12360A6A1006A8AB3 /* lookup.png */,
				8351C1C92360A6A0006A8AB3 /* matrix.fsh */,
				8351C1CC2360A6A1006A8AB3 /* matrix.jpg */,
				8351C1CE2360A6A1006A8AB3 /* schindlers-list.fsh */,
				8351C1CF2360A6A1006A8AB3 /* schindlers-list.jpg */,
				8351C1D32360A6A1006A8AB3 /* shadow.jpg */,
			);
			path = Resources;
			sourceTree = "<group>";
		};
		83E897D8235F356E00435C8A = {
			isa = PBXGroup;
			children = (
				8313594E237A8365008F5C3E /* GPUImage.xcodeproj */,
				834239B823688F07009612BA /* Pods.xcodeproj */,
				83E897E3235F356E00435C8A /* Parallax */,
				83E897E2235F356E00435C8A /* Products */,
				8213E252C93E96117A642910 /* Pods */,
				3AE3A647F1605F22C2B6A32D /* Frameworks */,
			);
			sourceTree = "<group>";
		};
		83E897E2235F356E00435C8A /* Products */ = {
			isa = PBXGroup;
			children = (
				83E897E1235F356E00435C8A /* Parallax.app */,
			);
			name = Products;
			sourceTree = "<group>";
		};
		83E897E3235F356E00435C8A /* Parallax */ = {
			isa = PBXGroup;
			children = (
				83E897E4235F356E00435C8A /* AppDelegate.swift */,
				83E897E6235F356E00435C8A /* SceneDelegate.swift */,
				83E897E8235F356E00435C8A /* ViewController.swift */,
				83B843462371BF1800706FFB /* DeviceOrientationHelper.swift */,
				8351C1BA23608807006A8AB3 /* GalleryViewController.swift */,
				83366DDD2361FA57005A3175 /* FilmRollViewController.swift */,
				83133D6E236405F20005717E /* SettingViewController.swift */,
				83E897EA235F356E00435C8A /* Main.storyboard */,
				838DA90D2365D64600C9BC8F /* FilmRollCell.swift */,
				83AFC6F9236441EB00371D9E /* CustomModelViewController.swift */,
				8335B413238A4BBB00E23887 /* IAPHelper.swift */,
				8351C1AC2360833B006A8AB3 /* ImageUtil.swift */,
				8351C1EA2360A6C6006A8AB3 /* Filters.swift */,
				8351C1B123608352006A8AB3 /* FileUtil.swift */,
				8351C1B323608371006A8AB3 /* SizeUtil.swift */,
				83E215142365738F005E8385 /* PhotoModel.swift */,
				83AFC7042364495900371D9E /* PhotoCell.swift */,
				83E21510236568C6005E8385 /* CustomOverlayView.xib */,
				83E2150E23656898005E8385 /* CustomOverlayView.swift */,
				83133D8223642E1E0005717E /* Extenstions.swift */,
				836F399D2372F1F400C6E8AB /* Localizable.strings */,
				83E897ED235F356F00435C8A /* Assets.xcassets */,
				83E897EF235F356F00435C8A /* LaunchScreen.storyboard */,
				83E2151E2365AFA6005E8385 /* LaunchViewController.swift */,
				83E897F2235F356F00435C8A /* Info.plist */,
				8351C1B723608678006A8AB3 /* Resources */,
			);
			path = Parallax;
			sourceTree = "<group>";
		};
/* End PBXGroup section */

/* Begin PBXNativeTarget section */
		83E897E0235F356E00435C8A /* Parallax */ = {
			isa = PBXNativeTarget;
			buildConfigurationList = 83E897F5235F356F00435C8A /* Build configuration list for PBXNativeTarget "Parallax" */;
			buildPhases = (
				9BB9AF495498BDF4A4FE02C6 /* [CP] Check Pods Manifest.lock */,
				83E897DD235F356E00435C8A /* Sources */,
				83E897DE235F356E00435C8A /* Frameworks */,
				83E897DF235F356E00435C8A /* Resources */,
				B04E153AE7A735786733219B /* [CP] Embed Pods Frameworks */,
				8313593E237A6E28008F5C3E /* Embed Frameworks */,
			);
			buildRules = (
			);
			dependencies = (
			);
			name = Parallax;
			productName = Parallax;
			productReference = 83E897E1235F356E00435C8A /* Parallax.app */;
			productType = "com.apple.product-type.application";
		};
/* End PBXNativeTarget section */

/* Begin PBXProject section */
		83E897D9235F356E00435C8A /* Project object */ = {
			isa = PBXProject;
			attributes = {
				LastSwiftUpdateCheck = 1100;
				LastUpgradeCheck = 1100;
				ORGANIZATIONNAME = "王亮";
				TargetAttributes = {
					83E897E0235F356E00435C8A = {
						CreatedOnToolsVersion = 11.0;
					};
				};
			};
			buildConfigurationList = 83E897DC235F356E00435C8A /* Build configuration list for PBXProject "Parallax" */;
			compatibilityVersion = "Xcode 9.3";
			developmentRegion = en;
			hasScannedForEncodings = 0;
			knownRegions = (
				en,
				Base,
				"zh-Hans",
			);
			mainGroup = 83E897D8235F356E00435C8A;
			productRefGroup = 83E897E2235F356E00435C8A /* Products */;
			projectDirPath = "";
			projectReferences = (
				{
					ProductGroup = 8313594F237A8365008F5C3E /* Products */;
					ProjectRef = 8313594E237A8365008F5C3E /* GPUImage.xcodeproj */;
				},
				{
					ProductGroup = 834239B923688F07009612BA /* Products */;
					ProjectRef = 834239B823688F07009612BA /* Pods.xcodeproj */;
				},
			);
			projectRoot = "";
			targets = (
				83E897E0235F356E00435C8A /* Parallax */,
			);
		};
/* End PBXProject section */

/* Begin PBXReferenceProxy section */
		83135954237A8366008F5C3E /* GPUImage.framework */ = {
			isa = PBXReferenceProxy;
			fileType = wrapper.framework;
			path = GPUImage.framework;
			remoteRef = 83135953237A8366008F5C3E /* PBXContainerItemProxy */;
			sourceTree = BUILT_PRODUCTS_DIR;
		};
		83135956237A8366008F5C3E /* GPUImage.framework */ = {
			isa = PBXReferenceProxy;
			fileType = wrapper.framework;
			path = GPUImage.framework;
			remoteRef = 83135955237A8366008F5C3E /* PBXContainerItemProxy */;
			sourceTree = BUILT_PRODUCTS_DIR;
		};
		834239C523688F07009612BA /* INSNibLoading.framework */ = {
			isa = PBXReferenceProxy;
			fileType = wrapper.framework;
			path = INSNibLoading.framework;
			remoteRef = 834239C423688F07009612BA /* PBXContainerItemProxy */;
			sourceTree = BUILT_PRODUCTS_DIR;
		};
		834239C723688F07009612BA /* INSPhotoGallery.framework */ = {
			isa = PBXReferenceProxy;
			fileType = wrapper.framework;
			path = INSPhotoGallery.framework;
			remoteRef = 834239C623688F07009612BA /* PBXContainerItemProxy */;
			sourceTree = BUILT_PRODUCTS_DIR;
		};
		834239C923688F07009612BA /* INSPhotoGallery.bundle */ = {
			isa = PBXReferenceProxy;
			fileType = wrapper.cfbundle;
			path = INSPhotoGallery.bundle;
			remoteRef = 834239C823688F07009612BA /* PBXContainerItemProxy */;
			sourceTree = BUILT_PRODUCTS_DIR;
		};
		834239CB23688F07009612BA /* Persei.framework */ = {
			isa = PBXReferenceProxy;
			fileType = wrapper.framework;
			path = Persei.framework;
			remoteRef = 834239CA23688F07009612BA /* PBXContainerItemProxy */;
			sourceTree = BUILT_PRODUCTS_DIR;
		};
		834239CD23688F07009612BA /* Pods_Parallax.framework */ = {
			isa = PBXReferenceProxy;
			fileType = wrapper.framework;
			path = Pods_Parallax.framework;
			remoteRef = 834239CC23688F07009612BA /* PBXContainerItemProxy */;
			sourceTree = BUILT_PRODUCTS_DIR;
		};
		834239CF23688F07009612BA /* SPAlert.framework */ = {
			isa = PBXReferenceProxy;
			fileType = wrapper.framework;
			path = SPAlert.framework;
			remoteRef = 834239CE23688F07009612BA /* PBXContainerItemProxy */;
			sourceTree = BUILT_PRODUCTS_DIR;
		};
		835DB81C23704B610070AB72 /* Lottie.framework */ = {
			isa = PBXReferenceProxy;
			fileType = wrapper.framework;
			path = Lottie.framework;
			remoteRef = 835DB81B23704B610070AB72 /* PBXContainerItemProxy */;
			sourceTree = BUILT_PRODUCTS_DIR;
		};
/* End PBXReferenceProxy section */

/* Begin PBXResourcesBuildPhase section */
		83E897DF235F356E00435C8A /* Resources */ = {
			isa = PBXResourcesBuildPhase;
			buildActionMask = 2147483647;
			files = (
				8351C1DE2360A6A1006A8AB3 /* happy-together.jpg in Resources */,
				8344466B23745B3200FD4ED5 /* shadow-filter.png in Resources */,
				83E897F1235F356F00435C8A /* LaunchScreen.storyboard in Resources */,
				8335B40E238A2B1D00E23887 /* west-world.jpg in Resources */,
				83E2151D2365AF06005E8385 /* launching.gif in Resources */,
				8344466923745B3200FD4ED5 /* blade-runner-2049-filter.png in Resources */,
				8351C1D72360A6A1006A8AB3 /* lookup_miss_etikate.png in Resources */,
				8351C1E52360A6A1006A8AB3 /* lookup_amatorka.png in Resources */,
				8351C1E02360A6A1006A8AB3 /* blade-runner-2049.jpg in Resources */,
				8351C1E22360A6A1006A8AB3 /* schindlers-list.jpg in Resources */,
				8351C1DA2360A6A1006A8AB3 /* Chaplin.fsh in Resources */,
				8351C1E42360A6A1006A8AB3 /* lookup.png in Resources */,
				835DB81D23704B610070AB72 /* camera-motion.json in Resources */,
				8351C1D82360A6A1006A8AB3 /* lookup_soft_elegance_2.png in Resources */,
				83E21511236568C6005E8385 /* CustomOverlayView.xib in Resources */,
				836F39A0237308F600C6E8AB /* glass-break.fsh in Resources */,
				83BEADBB238575A600C4035A /* west-world-filter.png in Resources */,
				8351C1E62360A6A1006A8AB3 /* shadow.jpg in Resources */,
				8344466A23745B3200FD4ED5 /* joker-filter.png in Resources */,
				8351C1DC2360A6A1006A8AB3 /* matrix.fsh in Resources */,
				83E897EE235F356F00435C8A /* Assets.xcassets in Resources */,
				8351C1E12360A6A1006A8AB3 /* schindlers-list.fsh in Resources */,
				8344466C23745B3200FD4ED5 /* happy-together-filter.png in Resources */,
				835DB8222370675E0070AB72 /* loading.json in Resources */,
				8351C1DB2360A6A1006A8AB3 /* filters.json in Resources */,
				8344466D23745B3200FD4ED5 /* schindlers-list-filter.png in Resources */,
				8351C1DD2360A6A1006A8AB3 /* lookup_soft_elegance_1.png in Resources */,
				836F399B2372F1F400C6E8AB /* Localizable.strings in Resources */,
				83E897EC235F356E00435C8A /* Main.storyboard in Resources */,
				8335B410238A2B7A00E23887 /* shape-of-water.jpg in Resources */,
				8351C1E82360A6A1006A8AB3 /* joker.jpg in Resources */,
				8351C1E92360A6A1006A8AB3 /* joker.fsh in Resources */,
				8344466E23745B3200FD4ED5 /* matrix-filter.png in Resources */,
				8363F1C9236713040062106A /* shoot.mp3 in Resources */,
				8351C1DF2360A6A1006A8AB3 /* matrix.jpg in Resources */,
				83BEADC223857CB900C4035A /* shape-of-water-filter.png in Resources */,
			);
			runOnlyForDeploymentPostprocessing = 0;
		};
/* End PBXResourcesBuildPhase section */

/* Begin PBXShellScriptBuildPhase section */
		9BB9AF495498BDF4A4FE02C6 /* [CP] Check Pods Manifest.lock */ = {
			isa = PBXShellScriptBuildPhase;
			buildActionMask = 2147483647;
			files = (
			);
			inputFileListPaths = (
			);
			inputPaths = (
				"${PODS_PODFILE_DIR_PATH}/Podfile.lock",
				"${PODS_ROOT}/Manifest.lock",
			);
			name = "[CP] Check Pods Manifest.lock";
			outputFileListPaths = (
			);
			outputPaths = (
				"$(DERIVED_FILE_DIR)/Pods-Parallax-checkManifestLockResult.txt",
			);
			runOnlyForDeploymentPostprocessing = 0;
			shellPath = /bin/sh;
			shellScript = "diff \"${PODS_PODFILE_DIR_PATH}/Podfile.lock\" \"${PODS_ROOT}/Manifest.lock\" > /dev/null\nif [ $? != 0 ] ; then\n    # print error to STDERR\n    echo \"error: The sandbox is not in sync with the Podfile.lock. Run 'pod install' or update your CocoaPods installation.\" >&2\n    exit 1\nfi\n# This output is used by Xcode 'outputs' to avoid re-running this script phase.\necho \"SUCCESS\" > \"${SCRIPT_OUTPUT_FILE_0}\"\n";
			showEnvVarsInLog = 0;
		};
		B04E153AE7A735786733219B /* [CP] Embed Pods Frameworks */ = {
			isa = PBXShellScriptBuildPhase;
			buildActionMask = 2147483647;
			files = (
			);
			inputFileListPaths = (
				"${PODS_ROOT}/Target Support Files/Pods-Parallax/Pods-Parallax-frameworks-${CONFIGURATION}-input-files.xcfilelist",
			);
			name = "[CP] Embed Pods Frameworks";
			outputFileListPaths = (
				"${PODS_ROOT}/Target Support Files/Pods-Parallax/Pods-Parallax-frameworks-${CONFIGURATION}-output-files.xcfilelist",
			);
			runOnlyForDeploymentPostprocessing = 0;
			shellPath = /bin/sh;
			shellScript = "\"${PODS_ROOT}/Target Support Files/Pods-Parallax/Pods-Parallax-frameworks.sh\"\n";
			showEnvVarsInLog = 0;
		};
/* End PBXShellScriptBuildPhase section */

/* Begin PBXSourcesBuildPhase section */
		83E897DD235F356E00435C8A /* Sources */ = {
			isa = PBXSourcesBuildPhase;
			buildActionMask = 2147483647;
			files = (
				83AFC7052364495900371D9E /* PhotoCell.swift in Sources */,
				8351C1B423608371006A8AB3 /* SizeUtil.swift in Sources */,
				83E2150F23656898005E8385 /* CustomOverlayView.swift in Sources */,
				83E215152365738F005E8385 /* PhotoModel.swift in Sources */,
				8351C1EB2360A6C6006A8AB3 /* Filters.swift in Sources */,
				8351C1BB23608807006A8AB3 /* GalleryViewController.swift in Sources */,
				83E897E9235F356E00435C8A /* ViewController.swift in Sources */,
				83133D8323642E1E0005717E /* Extenstions.swift in Sources */,
				83E897E5235F356E00435C8A /* AppDelegate.swift in Sources */,
				83133D6F236405F20005717E /* SettingViewController.swift in Sources */,
				83E897E7235F356E00435C8A /* SceneDelegate.swift in Sources */,
				8335B414238A4BBB00E23887 /* IAPHelper.swift in Sources */,
				8351C1AD2360833B006A8AB3 /* ImageUtil.swift in Sources */,
				83B843472371BF1800706FFB /* DeviceOrientationHelper.swift in Sources */,
				83AFC6FA236441EB00371D9E /* CustomModelViewController.swift in Sources */,
				8351C1B223608352006A8AB3 /* FileUtil.swift in Sources */,
				83366DDE2361FA57005A3175 /* FilmRollViewController.swift in Sources */,
				83E2151F2365AFA6005E8385 /* LaunchViewController.swift in Sources */,
				838DA90E2365D64600C9BC8F /* FilmRollCell.swift in Sources */,
			);
			runOnlyForDeploymentPostprocessing = 0;
		};
/* End PBXSourcesBuildPhase section */

/* Begin PBXVariantGroup section */
		836F399D2372F1F400C6E8AB /* Localizable.strings */ = {
			isa = PBXVariantGroup;
			children = (
				836F399C2372F1F400C6E8AB /* zh-Hans */,
				836F399E2372F1FD00C6E8AB /* en */,
			);
			name = Localizable.strings;
			sourceTree = "<group>";
		};
		83E897EA235F356E00435C8A /* Main.storyboard */ = {
			isa = PBXVariantGroup;
			children = (
				83E897EB235F356E00435C8A /* Base */,
				836F39902372F12500C6E8AB /* zh-Hans */,
			);
			name = Main.storyboard;
			sourceTree = "<group>";
		};
		83E897EF235F356F00435C8A /* LaunchScreen.storyboard */ = {
			isa = PBXVariantGroup;
			children = (
				83E897F0235F356F00435C8A /* Base */,
			);
			name = LaunchScreen.storyboard;
			sourceTree = "<group>";
		};
/* End PBXVariantGroup section */

/* Begin XCBuildConfiguration section */
		83E897F3235F356F00435C8A /* Debug */ = {
			isa = XCBuildConfiguration;
			buildSettings = {
				ALWAYS_SEARCH_USER_PATHS = NO;
				CLANG_ANALYZER_LOCALIZABILITY_NONLOCALIZED = YES;
				CLANG_ANALYZER_NONNULL = YES;
				CLANG_ANALYZER_NUMBER_OBJECT_CONVERSION = YES_AGGRESSIVE;
				CLANG_CXX_LANGUAGE_STANDARD = "gnu++14";
				CLANG_CXX_LIBRARY = "libc++";
				CLANG_ENABLE_MODULES = YES;
				CLANG_ENABLE_OBJC_ARC = YES;
				CLANG_ENABLE_OBJC_WEAK = YES;
				CLANG_WARN_BLOCK_CAPTURE_AUTORELEASING = YES;
				CLANG_WARN_BOOL_CONVERSION = YES;
				CLANG_WARN_COMMA = YES;
				CLANG_WARN_CONSTANT_CONVERSION = YES;
				CLANG_WARN_DEPRECATED_OBJC_IMPLEMENTATIONS = YES;
				CLANG_WARN_DIRECT_OBJC_ISA_USAGE = YES_ERROR;
				CLANG_WARN_DOCUMENTATION_COMMENTS = YES;
				CLANG_WARN_EMPTY_BODY = YES;
				CLANG_WARN_ENUM_CONVERSION = YES;
				CLANG_WARN_INFINITE_RECURSION = YES;
				CLANG_WARN_INT_CONVERSION = YES;
				CLANG_WARN_NON_LITERAL_NULL_CONVERSION = YES;
				CLANG_WARN_OBJC_IMPLICIT_RETAIN_SELF = YES;
				CLANG_WARN_OBJC_LITERAL_CONVERSION = YES;
				CLANG_WARN_OBJC_ROOT_CLASS = YES_ERROR;
				CLANG_WARN_RANGE_LOOP_ANALYSIS = YES;
				CLANG_WARN_STRICT_PROTOTYPES = YES;
				CLANG_WARN_SUSPICIOUS_MOVE = YES;
				CLANG_WARN_UNGUARDED_AVAILABILITY = YES_AGGRESSIVE;
				CLANG_WARN_UNREACHABLE_CODE = YES;
				CLANG_WARN__DUPLICATE_METHOD_MATCH = YES;
				COPY_PHASE_STRIP = NO;
				DEBUG_INFORMATION_FORMAT = dwarf;
				ENABLE_STRICT_OBJC_MSGSEND = YES;
				ENABLE_TESTABILITY = YES;
				GCC_C_LANGUAGE_STANDARD = gnu11;
				GCC_DYNAMIC_NO_PIC = NO;
				GCC_NO_COMMON_BLOCKS = YES;
				GCC_OPTIMIZATION_LEVEL = 0;
				GCC_PREPROCESSOR_DEFINITIONS = (
					"DEBUG=1",
					"$(inherited)",
				);
				GCC_WARN_64_TO_32_BIT_CONVERSION = YES;
				GCC_WARN_ABOUT_RETURN_TYPE = YES_ERROR;
				GCC_WARN_UNDECLARED_SELECTOR = YES;
				GCC_WARN_UNINITIALIZED_AUTOS = YES_AGGRESSIVE;
				GCC_WARN_UNUSED_FUNCTION = YES;
				GCC_WARN_UNUSED_VARIABLE = YES;
				IPHONEOS_DEPLOYMENT_TARGET = 13.0;
				MTL_ENABLE_DEBUG_INFO = INCLUDE_SOURCE;
				MTL_FAST_MATH = YES;
				ONLY_ACTIVE_ARCH = YES;
				SDKROOT = iphoneos;
				SWIFT_ACTIVE_COMPILATION_CONDITIONS = DEBUG;
				SWIFT_OPTIMIZATION_LEVEL = "-Onone";
			};
			name = Debug;
		};
		83E897F4235F356F00435C8A /* Release */ = {
			isa = XCBuildConfiguration;
			buildSettings = {
				ALWAYS_SEARCH_USER_PATHS = NO;
				CLANG_ANALYZER_LOCALIZABILITY_NONLOCALIZED = YES;
				CLANG_ANALYZER_NONNULL = YES;
				CLANG_ANALYZER_NUMBER_OBJECT_CONVERSION = YES_AGGRESSIVE;
				CLANG_CXX_LANGUAGE_STANDARD = "gnu++14";
				CLANG_CXX_LIBRARY = "libc++";
				CLANG_ENABLE_MODULES = YES;
				CLANG_ENABLE_OBJC_ARC = YES;
				CLANG_ENABLE_OBJC_WEAK = YES;
				CLANG_WARN_BLOCK_CAPTURE_AUTORELEASING = YES;
				CLANG_WARN_BOOL_CONVERSION = YES;
				CLANG_WARN_COMMA = YES;
				CLANG_WARN_CONSTANT_CONVERSION = YES;
				CLANG_WARN_DEPRECATED_OBJC_IMPLEMENTATIONS = YES;
				CLANG_WARN_DIRECT_OBJC_ISA_USAGE = YES_ERROR;
				CLANG_WARN_DOCUMENTATION_COMMENTS = YES;
				CLANG_WARN_EMPTY_BODY = YES;
				CLANG_WARN_ENUM_CONVERSION = YES;
				CLANG_WARN_INFINITE_RECURSION = YES;
				CLANG_WARN_INT_CONVERSION = YES;
				CLANG_WARN_NON_LITERAL_NULL_CONVERSION = YES;
				CLANG_WARN_OBJC_IMPLICIT_RETAIN_SELF = YES;
				CLANG_WARN_OBJC_LITERAL_CONVERSION = YES;
				CLANG_WARN_OBJC_ROOT_CLASS = YES_ERROR;
				CLANG_WARN_RANGE_LOOP_ANALYSIS = YES;
				CLANG_WARN_STRICT_PROTOTYPES = YES;
				CLANG_WARN_SUSPICIOUS_MOVE = YES;
				CLANG_WARN_UNGUARDED_AVAILABILITY = YES_AGGRESSIVE;
				CLANG_WARN_UNREACHABLE_CODE = YES;
				CLANG_WARN__DUPLICATE_METHOD_MATCH = YES;
				COPY_PHASE_STRIP = NO;
				DEBUG_INFORMATION_FORMAT = "dwarf-with-dsym";
				ENABLE_NS_ASSERTIONS = NO;
				ENABLE_STRICT_OBJC_MSGSEND = YES;
				GCC_C_LANGUAGE_STANDARD = gnu11;
				GCC_NO_COMMON_BLOCKS = YES;
				GCC_WARN_64_TO_32_BIT_CONVERSION = YES;
				GCC_WARN_ABOUT_RETURN_TYPE = YES_ERROR;
				GCC_WARN_UNDECLARED_SELECTOR = YES;
				GCC_WARN_UNINITIALIZED_AUTOS = YES_AGGRESSIVE;
				GCC_WARN_UNUSED_FUNCTION = YES;
				GCC_WARN_UNUSED_VARIABLE = YES;
				IPHONEOS_DEPLOYMENT_TARGET = 13.0;
				MTL_ENABLE_DEBUG_INFO = NO;
				MTL_FAST_MATH = YES;
				SDKROOT = iphoneos;
				SWIFT_COMPILATION_MODE = wholemodule;
				SWIFT_OPTIMIZATION_LEVEL = "-O";
				VALIDATE_PRODUCT = YES;
			};
			name = Release;
		};
		83E897F6235F356F00435C8A /* Debug */ = {
			isa = XCBuildConfiguration;
			baseConfigurationReference = CAAB7C879476D49C3D7174E5 /* Pods-Parallax.debug.xcconfig */;
			buildSettings = {
				ASSETCATALOG_COMPILER_APPICON_NAME = AppIcon;
				CODE_SIGN_STYLE = Automatic;
				CURRENT_PROJECT_VERSION = 13;
				DEVELOPMENT_TEAM = UJY4NHS9W7;
				FRAMEWORK_SEARCH_PATHS = (
					"$(inherited)",
					"$(PROJECT_DIR)/Carthage/Build/iOS",
				);
				INFOPLIST_FILE = Parallax/Info.plist;
				IPHONEOS_DEPLOYMENT_TARGET = 13.0;
				LD_RUNPATH_SEARCH_PATHS = (
					"$(inherited)",
					"@executable_path/Frameworks",
				);
				MARKETING_VERSION = 1.0;
				MTL_FAST_MATH = NO;
				PRODUCT_BUNDLE_IDENTIFIER = dev.chezhe.Parallax;
				PRODUCT_NAME = "$(TARGET_NAME)";
				SWIFT_COMPILATION_MODE = singlefile;
				SWIFT_VERSION = 5.0;
				TARGETED_DEVICE_FAMILY = "1,2";
			};
			name = Debug;
		};
		83E897F7235F356F00435C8A /* Release */ = {
			isa = XCBuildConfiguration;
			baseConfigurationReference = 2377C4DD9FA901846BA863ED /* Pods-Parallax.release.xcconfig */;
			buildSettings = {
				ASSETCATALOG_COMPILER_APPICON_NAME = AppIcon;
				CODE_SIGN_STYLE = Automatic;
				CURRENT_PROJECT_VERSION = 13;
				DEVELOPMENT_TEAM = UJY4NHS9W7;
				FRAMEWORK_SEARCH_PATHS = (
					"$(inherited)",
					"$(PROJECT_DIR)/Carthage/Build/iOS",
				);
				INFOPLIST_FILE = Parallax/Info.plist;
				IPHONEOS_DEPLOYMENT_TARGET = 13.0;
				LD_RUNPATH_SEARCH_PATHS = (
					"$(inherited)",
					"@executable_path/Frameworks",
				);
				MARKETING_VERSION = 1.0;
				MTL_FAST_MATH = NO;
				PRODUCT_BUNDLE_IDENTIFIER = dev.chezhe.Parallax;
				PRODUCT_NAME = "$(TARGET_NAME)";
				SWIFT_VERSION = 5.0;
				TARGETED_DEVICE_FAMILY = "1,2";
			};
			name = Release;
		};
/* End XCBuildConfiguration section */

/* Begin XCConfigurationList section */
		83E897DC235F356E00435C8A /* Build configuration list for PBXProject "Parallax" */ = {
			isa = XCConfigurationList;
			buildConfigurations = (
				83E897F3235F356F00435C8A /* Debug */,
				83E897F4235F356F00435C8A /* Release */,
			);
			defaultConfigurationIsVisible = 0;
			defaultConfigurationName = Release;
		};
		83E897F5235F356F00435C8A /* Build configuration list for PBXNativeTarget "Parallax" */ = {
			isa = XCConfigurationList;
			buildConfigurations = (
				83E897F6235F356F00435C8A /* Debug */,
				83E897F7235F356F00435C8A /* Release */,
			);
			defaultConfigurationIsVisible = 0;
			defaultConfigurationName = Release;
		};
/* End XCConfigurationList section */
	};
	rootObject = 83E897D9235F356E00435C8A /* Project object */;
}
